PODS:
  - HandyJSON (5.0.2)
  - ReachabilitySwift (5.0.0)
  - RxCocoa (5.1.1):
    - RxRelay (~> 5)
    - RxSwift (~> 5)
  - RxRelay (5.1.1):
    - RxSwift (~> 5)
  - RxSwift (5.1.1)
  - ScreenType (1.1.0)
  - SnapKit (5.0.1)
  - Toaster (2.2.0)
  - UMCAnalytics (6.1.0):
    - UMCCommon
  - UMCCommon (7.1.0)
  - UMCSecurityPlugins (1.0.6)

DEPENDENCIES:
  - HandyJSON (~> 5.0.0-beta.1)
  - ReachabilitySwift
  - RxCocoa
  - RxSwift
  - ScreenType
  - SnapKit
  - Toaster
  - UMCAnalytics
  - UMCCommon
  - UMCSecurityPlugins

SPEC REPOS:
  trunk:
    - HandyJSON
    - ReachabilitySwift
    - RxCocoa
    - RxRelay
    - RxSwift
    - ScreenType
    - SnapKit
    - Toaster
    - UMCAnalytics
    - UMCCommon
    - UMCSecurityPlugins

SPEC CHECKSUMS:
  HandyJSON: 9e4e236f5d2dbefad5155a77417bbea438201c03
  ReachabilitySwift: 985039c6f7b23a1da463388634119492ff86c825
  RxCocoa: 32065309a38d29b5b0db858819b5bf9ef038b601
  RxRelay: d77f7d771495f43c556cbc43eebd1bb54d01e8e9
  RxSwift: 81470a2074fa8780320ea5fe4102807cb7118178
  ScreenType: aa607eaa564b5e533876a4df92a5b9de1a8dc579
  SnapKit: 97b92857e3df3a0c71833cce143274bf6ef8e5eb
  Toaster: c1a81b376edcc2470157b4d1ee1e9341d3b96455
  UMCAnalytics: 3503f179f7af932b30af9ac161ac11fb48fa72b6
  UMCCommon: 4e80f93492d300245683236668763dc5d0b04dbd
  UMCSecurityPlugins: 0831a08f3988f3cea9f1d3a7626cd9bee4fef150

PODFILE CHECKSUM: 2264e62d1bc2382ccef9788e996a142139a36b25

COCOAPODS: 1.9.3
